
Microsoft Visual Studio Solution File, Format Version 12.00
# Visual Studio Version 17
VisualStudioVersion = 17.2.32616.157
MinimumVisualStudioVersion = 10.0.40219.1
Project("{9A19103F-16F7-4668-BE54-9A1E7A4F7556}") = "Exino.API", "Exino.API\Exino.API.csproj", "{306CEE98-584F-4D0B-84B5-91AAFF4986B4}"
EndProject
Project("{2150E333-8FDC-42A3-9474-1A3956D46DE8}") = "Presentation", "Presentation", "{78957F45-FF25-4503-9560-45B9E23BF99B}"
EndProject
Project("{2150E333-8FDC-42A3-9474-1A3956D46DE8}") = "Business", "Business", "{B888619F-5F2E-478B-942F-29CE0957C942}"
EndProject
Project("{9A19103F-16F7-4668-BE54-9A1E7A4F7556}") = "Exino.Application", "Exino.Application\Exino.Application.csproj", "{069B1B1E-735E-4438-BC2D-57C04DDBA6C3}"
EndProject
Project("{2150E333-8FDC-42A3-9474-1A3956D46DE8}") = "Infrastructure", "Infrastructure", "{A7A15D6D-408A-4B99-8D53-F2BF8EE3B8BC}"
EndProject
Project("{2150E333-8FDC-42A3-9474-1A3956D46DE8}") = "Core", "Core", "{A528DC51-1367-4167-A6DC-1567B8EEE3CA}"
EndProject
Project("{9A19103F-16F7-4668-BE54-9A1E7A4F7556}") = "Exino.Persistence", "Exino.Persistence\Exino.Persistence.csproj", "{FD82F8A2-E459-43F5-B685-52C77863ACCF}"
EndProject
Project("{9A19103F-16F7-4668-BE54-9A1E7A4F7556}") = "Exino.Domain", "Exino.Domain\Exino.Domain.csproj", "{3900072C-4422-4C98-9129-02269DA30ECF}"
EndProject
Project("{9A19103F-16F7-4668-BE54-9A1E7A4F7556}") = "Core.Persistence", "Core.Persistence\Core.Persistence.csproj", "{42B87D34-5FEE-426F-A1EA-70BD8E130F6A}"
EndProject
Global
	GlobalSection(SolutionConfigurationPlatforms) = preSolution
		Debug|Any CPU = Debug|Any CPU
		Release|Any CPU = Release|Any CPU
	EndGlobalSection
	GlobalSection(ProjectConfigurationPlatforms) = postSolution
		{306CEE98-584F-4D0B-84B5-91AAFF4986B4}.Debug|Any CPU.ActiveCfg = Debug|Any CPU
		{306CEE98-584F-4D0B-84B5-91AAFF4986B4}.Debug|Any CPU.Build.0 = Debug|Any CPU
		{306CEE98-584F-4D0B-84B5-91AAFF4986B4}.Release|Any CPU.ActiveCfg = Release|Any CPU
		{306CEE98-584F-4D0B-84B5-91AAFF4986B4}.Release|Any CPU.Build.0 = Release|Any CPU
		{069B1B1E-735E-4438-BC2D-57C04DDBA6C3}.Debug|Any CPU.ActiveCfg = Debug|Any CPU
		{069B1B1E-735E-4438-BC2D-57C04DDBA6C3}.Debug|Any CPU.Build.0 = Debug|Any CPU
		{069B1B1E-735E-4438-BC2D-57C04DDBA6C3}.Release|Any CPU.ActiveCfg = Release|Any CPU
		{069B1B1E-735E-4438-BC2D-57C04DDBA6C3}.Release|Any CPU.Build.0 = Release|Any CPU
		{FD82F8A2-E459-43F5-B685-52C77863ACCF}.Debug|Any CPU.ActiveCfg = Debug|Any CPU
		{FD82F8A2-E459-43F5-B685-52C77863ACCF}.Debug|Any CPU.Build.0 = Debug|Any CPU
		{FD82F8A2-E459-43F5-B685-52C77863ACCF}.Release|Any CPU.ActiveCfg = Release|Any CPU
		{FD82F8A2-E459-43F5-B685-52C77863ACCF}.Release|Any CPU.Build.0 = Release|Any CPU
		{3900072C-4422-4C98-9129-02269DA30ECF}.Debug|Any CPU.ActiveCfg = Debug|Any CPU
		{3900072C-4422-4C98-9129-02269DA30ECF}.Debug|Any CPU.Build.0 = Debug|Any CPU
		{3900072C-4422-4C98-9129-02269DA30ECF}.Release|Any CPU.ActiveCfg = Release|Any CPU
		{3900072C-4422-4C98-9129-02269DA30ECF}.Release|Any CPU.Build.0 = Release|Any CPU
		{42B87D34-5FEE-426F-A1EA-70BD8E130F6A}.Debug|Any CPU.ActiveCfg = Debug|Any CPU
		{42B87D34-5FEE-426F-A1EA-70BD8E130F6A}.Debug|Any CPU.Build.0 = Debug|Any CPU
		{42B87D34-5FEE-426F-A1EA-70BD8E130F6A}.Release|Any CPU.ActiveCfg = Release|Any CPU
		{42B87D34-5FEE-426F-A1EA-70BD8E130F6A}.Release|Any CPU.Build.0 = Release|Any CPU
	EndGlobalSection
	GlobalSection(SolutionProperties) = preSolution
		HideSolutionNode = FALSE
	EndGlobalSection
	GlobalSection(NestedProjects) = preSolution
		{306CEE98-584F-4D0B-84B5-91AAFF4986B4} = {78957F45-FF25-4503-9560-45B9E23BF99B}
		{069B1B1E-735E-4438-BC2D-57C04DDBA6C3} = {B888619F-5F2E-478B-942F-29CE0957C942}
		{FD82F8A2-E459-43F5-B685-52C77863ACCF} = {A7A15D6D-408A-4B99-8D53-F2BF8EE3B8BC}
		{3900072C-4422-4C98-9129-02269DA30ECF} = {A528DC51-1367-4167-A6DC-1567B8EEE3CA}
	EndGlobalSection
	GlobalSection(ExtensibilityGlobals) = postSolution
		SolutionGuid = {68B43FBC-AC55-4961-B410-AEA82C1026F7}
	EndGlobalSection
EndGlobal
